
Microsoft Visual Studio Solution File, Format Version 12.00
# Visual Studio 15
VisualStudioVersion = 15.0.26430.16
MinimumVisualStudioVersion = 10.0.40219.1
Project("{9A19103F-16F7-4668-BE54-9A1E7A4F7556}") = "HomERP.Domain", "HomERP.Domain\HomERP.Domain.csproj", "{22831338-8752-403B-A41E-9ED7E47424DF}"
EndProject
Project("{9A19103F-16F7-4668-BE54-9A1E7A4F7556}") = "HomERP.Domain.Tests", "HomERP.Domain.Tests\HomERP.Domain.Tests.csproj", "{2B1E056F-AD1C-4CD4-94B7-43F6FD6F6BCA}"
EndProject
Project("{9A19103F-16F7-4668-BE54-9A1E7A4F7556}") = "HomERP.Integration.Tests", "HomERP.Integration.Tests\HomERP.Integration.Tests.csproj", "{B1BD4A20-535E-4099-B354-24D50946ED12}"
EndProject
Project("{FAE04EC0-301F-11D3-BF4B-00C04F79EFBC}") = "HomERP.WebUI", "HomERP.WebUI\HomERP.WebUI.csproj", "{82C87F3B-C475-483C-9E0E-C031B88591EA}"
EndProject
Global
	GlobalSection(SolutionConfigurationPlatforms) = preSolution
		Debug|Any CPU = Debug|Any CPU
		Release|Any CPU = Release|Any CPU
	EndGlobalSection
	GlobalSection(ProjectConfigurationPlatforms) = postSolution
		{22831338-8752-403B-A41E-9ED7E47424DF}.Debug|Any CPU.ActiveCfg = Debug|Any CPU
		{22831338-8752-403B-A41E-9ED7E47424DF}.Debug|Any CPU.Build.0 = Debug|Any CPU
		{22831338-8752-403B-A41E-9ED7E47424DF}.Release|Any CPU.ActiveCfg = Release|Any CPU
		{22831338-8752-403B-A41E-9ED7E47424DF}.Release|Any CPU.Build.0 = Release|Any CPU
		{2B1E056F-AD1C-4CD4-94B7-43F6FD6F6BCA}.Debug|Any CPU.ActiveCfg = Debug|Any CPU
		{2B1E056F-AD1C-4CD4-94B7-43F6FD6F6BCA}.Debug|Any CPU.Build.0 = Debug|Any CPU
		{2B1E056F-AD1C-4CD4-94B7-43F6FD6F6BCA}.Release|Any CPU.ActiveCfg = Release|Any CPU
		{2B1E056F-AD1C-4CD4-94B7-43F6FD6F6BCA}.Release|Any CPU.Build.0 = Release|Any CPU
		{B1BD4A20-535E-4099-B354-24D50946ED12}.Debug|Any CPU.ActiveCfg = Debug|Any CPU
		{B1BD4A20-535E-4099-B354-24D50946ED12}.Debug|Any CPU.Build.0 = Debug|Any CPU
		{B1BD4A20-535E-4099-B354-24D50946ED12}.Release|Any CPU.ActiveCfg = Release|Any CPU
		{B1BD4A20-535E-4099-B354-24D50946ED12}.Release|Any CPU.Build.0 = Release|Any CPU
		{82C87F3B-C475-483C-9E0E-C031B88591EA}.Debug|Any CPU.ActiveCfg = Debug|Any CPU
		{82C87F3B-C475-483C-9E0E-C031B88591EA}.Debug|Any CPU.Build.0 = Debug|Any CPU
		{82C87F3B-C475-483C-9E0E-C031B88591EA}.Release|Any CPU.ActiveCfg = Release|Any CPU
		{82C87F3B-C475-483C-9E0E-C031B88591EA}.Release|Any CPU.Build.0 = Release|Any CPU
	EndGlobalSection
	GlobalSection(SolutionProperties) = preSolution
		HideSolutionNode = FALSE
	EndGlobalSection
EndGlobal
